// !$*UTF8*$!
{
	archiveVersion = 1;
	classes = {
	};
	objectVersion = 50;
	objects = {

/* Begin PBXBuildFile section */
		555E9786268E9F4E00E82D3E /* efwfwfq.swift in Sources */ = {isa = PBXBuildFile; fileRef = 555E9785268E9F4E00E82D3E /* efwfwfq.swift */; };
		559091ED268E911C00F360E0 /* AppDelegate.swift in Sources */ = {isa = PBXBuildFile; fileRef = 559091EC268E911C00F360E0 /* AppDelegate.swift */; };
		559091EF268E911C00F360E0 /* SceneDelegate.swift in Sources */ = {isa = PBXBuildFile; fileRef = 559091EE268E911C00F360E0 /* SceneDelegate.swift */; };
		559091F1268E911C00F360E0 /* ContentView.swift in Sources */ = {isa = PBXBuildFile; fileRef = 559091F0268E911C00F360E0 /* ContentView.swift */; };
		559091F3268E911E00F360E0 /* Assets.xcassets in Resources */ = {isa = PBXBuildFile; fileRef = 559091F2268E911E00F360E0 /* Assets.xcassets */; };
		559091F6268E911E00F360E0 /* Preview Assets.xcassets in Resources */ = {isa = PBXBuildFile; fileRef = 559091F5268E911E00F360E0 /* Preview Assets.xcassets */; };
		559091F9268E911E00F360E0 /* LaunchScreen.storyboard in Resources */ = {isa = PBXBuildFile; fileRef = 559091F7268E911E00F360E0 /* LaunchScreen.storyboard */; };
/* End PBXBuildFile section */

/* Begin PBXFileReference section */
		555E9785268E9F4E00E82D3E /* efwfwfq.swift */ = {isa = PBXFileReference; lastKnownFileType = sourcecode.swift; path = efwfwfq.swift; sourceTree = "<group>"; };
		559091E9268E911C00F360E0 /* SampleBitbucketProject.app */ = {isa = PBXFileReference; explicitFileType = wrapper.application; includeInIndex = 0; path = SampleBitbucketProject.app; sourceTree = BUILT_PRODUCTS_DIR; };
		559091EC268E911C00F360E0 /* AppDelegate.swift */ = {isa = PBXFileReference; lastKnownFileType = sourcecode.swift; path = AppDelegate.swift; sourceTree = "<group>"; };
		559091EE268E911C00F360E0 /* SceneDelegate.swift */ = {isa = PBXFileReference; lastKnownFileType = sourcecode.swift; path = SceneDelegate.swift; sourceTree = "<group>"; };
		559091F0268E911C00F360E0 /* ContentView.swift */ = {isa = PBXFileReference; lastKnownFileType = sourcecode.swift; path = ContentView.swift; sourceTree = "<group>"; };
		559091F2268E911E00F360E0 /* Assets.xcassets */ = {isa = PBXFileReference; lastKnownFileType = folder.assetcatalog; path = Assets.xcassets; sourceTree = "<group>"; };
		559091F5268E911E00F360E0 /* Preview Assets.xcassets */ = {isa = PBXFileReference; lastKnownFileType = folder.assetcatalog; path = "Preview Assets.xcassets"; sourceTree = "<group>"; };
		559091F8268E911E00F360E0 /* Base */ = {isa = PBXFileReference; lastKnownFileType = file.storyboard; name = Base; path = Base.lproj/LaunchScreen.storyboard; sourceTree = "<group>"; };
		559091FA268E911E00F360E0 /* Info.plist */ = {isa = PBXFileReference; lastKnownFileType = text.plist.xml; path = Info.plist; sourceTree = "<group>"; };
/* End PBXFileReference section */

/* Begin PBXFrameworksBuildPhase section */
		559091E6268E911C00F360E0 /* Frameworks */ = {
			isa = PBXFrameworksBuildPhase;
			buildActionMask = 2147483647;
			files = (
			);
			runOnlyForDeploymentPostprocessing = 0;
		};
/* End PBXFrameworksBuildPhase section */

/* Begin PBXGroup section */
		559091E0268E911C00F360E0 = {
			isa = PBXGroup;
			children = (
				559091EB268E911C00F360E0 /* SampleBitbucketProject */,
				559091EA268E911C00F360E0 /* Products */,
			);
			sourceTree = "<group>";
		};
		559091EA268E911C00F360E0 /* Products */ = {
			isa = PBXGroup;
			children = (
				559091E9268E911C00F360E0 /* SampleBitbucketProject.app */,
			);
			name = Products;
			sourceTree = "<group>";
		};
		559091EB268E911C00F360E0 /* SampleBitbucketProject */ = {
			isa = PBXGroup;
			children = (
				559091EC268E911C00F360E0 /* AppDelegate.swift */,
				559091EE268E911C00F360E0 /* SceneDelegate.swift */,
				559091F0268E911C00F360E0 /* ContentView.swift */,
				559091F2268E911E00F360E0 /* Assets.xcassets */,
				559091F7268E911E00F360E0 /* LaunchScreen.storyboard */,
				559091FA268E911E00F360E0 /* Info.plist */,
				559091F4268E911E00F360E0 /* Preview Content */,
				555E9785268E9F4E00E82D3E /* efwfwfq.swift */,
			);
			path = SampleBitbucketProject;
			sourceTree = "<group>";
		};
		559091F4268E911E00F360E0 /* Preview Content */ = {
			isa = PBXGroup;
			children = (
				559091F5268E911E00F360E0 /* Preview Assets.xcassets */,
			);
			path = "Preview Content";
			sourceTree = "<group>";
		};
/* End PBXGroup section */

/* Begin PBXNativeTarget section */
		559091E8268E911C00F360E0 /* SampleBitbucketProject */ = {
			isa = PBXNativeTarget;
			buildConfigurationList = 559091FD268E911E00F360E0 /* Build configuration list for PBXNativeTarget "SampleBitbucketProject" */;
			buildPhases = (
				559091E5268E911C00F360E0 /* Sources */,
				559091E6268E911C00F360E0 /* Frameworks */,
				559091E7268E911C00F360E0 /* Resources */,
			);
			buildRules = (
			);
			dependencies = (
			);
			name = SampleBitbucketProject;
			productName = SampleBitbucketProject;
			productReference = 559091E9268E911C00F360E0 /* SampleBitbucketProject.app */;
			productType = "com.apple.product-type.application";
		};
/* End PBXNativeTarget section */

/* Begin PBXProject section */
		559091E1268E911C00F360E0 /* Project object */ = {
			isa = PBXProject;
			attributes = {
				LastSwiftUpdateCheck = 1140;
				LastUpgradeCheck = 1140;
				ORGANIZATIONNAME = "Vishal  John";
				TargetAttributes = {
					559091E8268E911C00F360E0 = {
						CreatedOnToolsVersion = 11.4.1;
					};
				};
			};
			buildConfigurationList = 559091E4268E911C00F360E0 /* Build configuration list for PBXProject "SampleBitbucketProject" */;
			compatibilityVersion = "Xcode 9.3";
			developmentRegion = en;
			hasScannedForEncodings = 0;
			knownRegions = (
				en,
				Base,
			);
			mainGroup = 559091E0268E911C00F360E0;
			productRefGroup = 559091EA268E911C00F360E0 /* Products */;
			projectDirPath = "";
			projectRoot = "";
			targets = (
				559091E8268E911C00F360E0 /* SampleBitbucketProject */,
			);
		};
/* End PBXProject section */

/* Begin PBXResourcesBuildPhase section */
		559091E7268E911C00F360E0 /* Resources */ = {
			isa = PBXResourcesBuildPhase;
			buildActionMask = 2147483647;
			files = (
				559091F9268E911E00F360E0 /* LaunchScreen.storyboard in Resources */,
				559091F6268E911E00F360E0 /* Preview Assets.xcassets in Resources */,
				559091F3268E911E00F360E0 /* Assets.xcassets in Resources */,
			);
			runOnlyForDeploymentPostprocessing = 0;
		};
/* End PBXResourcesBuildPhase section */

/* Begin PBXSourcesBuildPhase section */
		559091E5268E911C00F360E0 /* Sources */ = {
			isa = PBXSourcesBuildPhase;
			buildActionMask = 2147483647;
			files = (
				559091ED268E911C00F360E0 /* AppDelegate.swift in Sources */,
				559091EF268E911C00F360E0 /* SceneDelegate.swift in Sources */,
				555E9786268E9F4E00E82D3E /* efwfwfq.swift in Sources */,
				559091F1268E911C00F360E0 /* ContentView.swift in Sources */,
			);
			runOnlyForDeploymentPostprocessing = 0;
		};
/* End PBXSourcesBuildPhase section */

/* Begin PBXVariantGroup section */
		559091F7268E911E00F360E0 /* LaunchScreen.storyboard */ = {
			isa = PBXVariantGroup;
			children = (
				559091F8268E911E00F360E0 /* Base */,
			);
			name = LaunchScreen.storyboard;
			sourceTree = "<group>";
		};
/* End PBXVariantGroup section */

/* Begin XCBuildConfiguration section */
		559091FB268E911E00F360E0 /* Debug */ = {
			isa = XCBuildConfiguration;
			buildSettings = {
				ALWAYS_SEARCH_USER_PATHS = NO;
				CLANG_ANALYZER_NONNULL = YES;
				CLANG_ANALYZER_NUMBER_OBJECT_CONVERSION = YES_AGGRESSIVE;
				CLANG_CXX_LANGUAGE_STANDARD = "gnu++14";
				CLANG_CXX_LIBRARY = "libc++";
				CLANG_ENABLE_MODULES = YES;
				CLANG_ENABLE_OBJC_ARC = YES;
				CLANG_ENABLE_OBJC_WEAK = YES;
				CLANG_WARN_BLOCK_CAPTURE_AUTORELEASING = YES;
				CLANG_WARN_BOOL_CONVERSION = YES;
				CLANG_WARN_COMMA = YES;
				CLANG_WARN_CONSTANT_CONVERSION = YES;
				CLANG_WARN_DEPRECATED_OBJC_IMPLEMENTATIONS = YES;
				CLANG_WARN_DIRECT_OBJC_ISA_USAGE = YES_ERROR;
				CLANG_WARN_DOCUMENTATION_COMMENTS = YES;
				CLANG_WARN_EMPTY_BODY = YES;
				CLANG_WARN_ENUM_CONVERSION = YES;
				CLANG_WARN_INFINITE_RECURSION = YES;
				CLANG_WARN_INT_CONVERSION = YES;
				CLANG_WARN_NON_LITERAL_NULL_CONVERSION = YES;
				CLANG_WARN_OBJC_IMPLICIT_RETAIN_SELF = YES;
				CLANG_WARN_OBJC_LITERAL_CONVERSION = YES;
				CLANG_WARN_OBJC_ROOT_CLASS = YES_ERROR;
				CLANG_WARN_RANGE_LOOP_ANALYSIS = YES;
				CLANG_WARN_STRICT_PROTOTYPES = YES;
				CLANG_WARN_SUSPICIOUS_MOVE = YES;
				CLANG_WARN_UNGUARDED_AVAILABILITY = YES_AGGRESSIVE;
				CLANG_WARN_UNREACHABLE_CODE = YES;
				CLANG_WARN__DUPLICATE_METHOD_MATCH = YES;
				COPY_PHASE_STRIP = NO;
				DEBUG_INFORMATION_FORMAT = dwarf;
				ENABLE_STRICT_OBJC_MSGSEND = YES;
				ENABLE_TESTABILITY = YES;
				GCC_C_LANGUAGE_STANDARD = gnu11;
				GCC_DYNAMIC_NO_PIC = NO;
				GCC_NO_COMMON_BLOCKS = YES;
				GCC_OPTIMIZATION_LEVEL = 0;
				GCC_PREPROCESSOR_DEFINITIONS = (
					"DEBUG=1",
					"$(inherited)",
				);
				GCC_WARN_64_TO_32_BIT_CONVERSION = YES;
				GCC_WARN_ABOUT_RETURN_TYPE = YES_ERROR;
				GCC_WARN_UNDECLARED_SELECTOR = YES;
				GCC_WARN_UNINITIALIZED_AUTOS = YES_AGGRESSIVE;
				GCC_WARN_UNUSED_FUNCTION = YES;
				GCC_WARN_UNUSED_VARIABLE = YES;
				IPHONEOS_DEPLOYMENT_TARGET = 13.4;
				MTL_ENABLE_DEBUG_INFO = INCLUDE_SOURCE;
				MTL_FAST_MATH = YES;
				ONLY_ACTIVE_ARCH = YES;
				SDKROOT = iphoneos;
				SWIFT_ACTIVE_COMPILATION_CONDITIONS = DEBUG;
				SWIFT_OPTIMIZATION_LEVEL = "-Onone";
			};
			name = Debug;
		};
		559091FC268E911E00F360E0 /* Release */ = {
			isa = XCBuildConfiguration;
			buildSettings = {
				ALWAYS_SEARCH_USER_PATHS = NO;
				CLANG_ANALYZER_NONNULL = YES;
				CLANG_ANALYZER_NUMBER_OBJECT_CONVERSION = YES_AGGRESSIVE;
				CLANG_CXX_LANGUAGE_STANDARD = "gnu++14";
				CLANG_CXX_LIBRARY = "libc++";
				CLANG_ENABLE_MODULES = YES;
				CLANG_ENABLE_OBJC_ARC = YES;
				CLANG_ENABLE_OBJC_WEAK = YES;
				CLANG_WARN_BLOCK_CAPTURE_AUTORELEASING = YES;
				CLANG_WARN_BOOL_CONVERSION = YES;
				CLANG_WARN_COMMA = YES;
				CLANG_WARN_CONSTANT_CONVERSION = YES;
				CLANG_WARN_DEPRECATED_OBJC_IMPLEMENTATIONS = YES;
				CLANG_WARN_DIRECT_OBJC_ISA_USAGE = YES_ERROR;
				CLANG_WARN_DOCUMENTATION_COMMENTS = YES;
				CLANG_WARN_EMPTY_BODY = YES;
				CLANG_WARN_ENUM_CONVERSION = YES;
				CLANG_WARN_INFINITE_RECURSION = YES;
				CLANG_WARN_INT_CONVERSION = YES;
				CLANG_WARN_NON_LITERAL_NULL_CONVERSION = YES;
				CLANG_WARN_OBJC_IMPLICIT_RETAIN_SELF = YES;
				CLANG_WARN_OBJC_LITERAL_CONVERSION = YES;
				CLANG_WARN_OBJC_ROOT_CLASS = YES_ERROR;
				CLANG_WARN_RANGE_LOOP_ANALYSIS = YES;
				CLANG_WARN_STRICT_PROTOTYPES = YES;
				CLANG_WARN_SUSPICIOUS_MOVE = YES;
				CLANG_WARN_UNGUARDED_AVAILABILITY = YES_AGGRESSIVE;
				CLANG_WARN_UNREACHABLE_CODE = YES;
				CLANG_WARN__DUPLICATE_METHOD_MATCH = YES;
				COPY_PHASE_STRIP = NO;
				DEBUG_INFORMATION_FORMAT = "dwarf-with-dsym";
				ENABLE_NS_ASSERTIONS = NO;
				ENABLE_STRICT_OBJC_MSGSEND = YES;
				GCC_C_LANGUAGE_STANDARD = gnu11;
				GCC_NO_COMMON_BLOCKS = YES;
				GCC_WARN_64_TO_32_BIT_CONVERSION = YES;
				GCC_WARN_ABOUT_RETURN_TYPE = YES_ERROR;
				GCC_WARN_UNDECLARED_SELECTOR = YES;
				GCC_WARN_UNINITIALIZED_AUTOS = YES_AGGRESSIVE;
				GCC_WARN_UNUSED_FUNCTION = YES;
				GCC_WARN_UNUSED_VARIABLE = YES;
				IPHONEOS_DEPLOYMENT_TARGET = 13.4;
				MTL_ENABLE_DEBUG_INFO = NO;
				MTL_FAST_MATH = YES;
				SDKROOT = iphoneos;
				SWIFT_COMPILATION_MODE = wholemodule;
				SWIFT_OPTIMIZATION_LEVEL = "-O";
				VALIDATE_PRODUCT = YES;
			};
			name = Release;
		};
		559091FE268E911E00F360E0 /* Debug */ = {
			isa = XCBuildConfiguration;
			buildSettings = {
				ASSETCATALOG_COMPILER_APPICON_NAME = AppIcon;
				CODE_SIGN_STYLE = Automatic;
				DEVELOPMENT_ASSET_PATHS = "\"SampleBitbucketProject/Preview Content\"";
				DEVELOPMENT_TEAM = KU6KS6DQ83;
				ENABLE_PREVIEWS = YES;
				INFOPLIST_FILE = SampleBitbucketProject/Info.plist;
				LD_RUNPATH_SEARCH_PATHS = (
					"$(inherited)",
					"@executable_path/Frameworks",
				);
				PRODUCT_BUNDLE_IDENTIFIER = com.SampleBitbucketProject;
				PRODUCT_NAME = "$(TARGET_NAME)";
				SWIFT_VERSION = 5.0;
				TARGETED_DEVICE_FAMILY = "1,2";
			};
			name = Debug;
		};
		559091FF268E911E00F360E0 /* Release */ = {
			isa = XCBuildConfiguration;
			buildSettings = {
				ASSETCATALOG_COMPILER_APPICON_NAME = AppIcon;
				CODE_SIGN_STYLE = Automatic;
				DEVELOPMENT_ASSET_PATHS = "\"SampleBitbucketProject/Preview Content\"";
				DEVELOPMENT_TEAM = KU6KS6DQ83;
				ENABLE_PREVIEWS = YES;
				INFOPLIST_FILE = SampleBitbucketProject/Info.plist;
				LD_RUNPATH_SEARCH_PATHS = (
					"$(inherited)",
					"@executable_path/Frameworks",
				);
				PRODUCT_BUNDLE_IDENTIFIER = com.SampleBitbucketProject;
				PRODUCT_NAME = "$(TARGET_NAME)";
				SWIFT_VERSION = 5.0;
				TARGETED_DEVICE_FAMILY = "1,2";
			};
			name = Release;
		};
/* End XCBuildConfiguration section */

/* Begin XCConfigurationList section */
		559091E4268E911C00F360E0 /* Build configuration list for PBXProject "SampleBitbucketProject" */ = {
			isa = XCConfigurationList;
			buildConfigurations = (
				559091FB268E911E00F360E0 /* Debug */,
				559091FC268E911E00F360E0 /* Release */,
			);
			defaultConfigurationIsVisible = 0;
			defaultConfigurationName = Release;
		};
		559091FD268E911E00F360E0 /* Build configuration list for PBXNativeTarget "SampleBitbucketProject" */ = {
			isa = XCConfigurationList;
			buildConfigurations = (
				559091FE268E911E00F360E0 /* Debug */,
				559091FF268E911E00F360E0 /* Release */,
			);
			defaultConfigurationIsVisible = 0;
			defaultConfigurationName = Release;
		};
/* End XCConfigurationList section */
	};
	rootObject = 559091E1268E911C00F360E0 /* Project object */;
}
